
Microsoft Visual Studio Solution File, Format Version 12.00
# Visual Studio 15
VisualStudioVersion = 15.0.28010.2041
MinimumVisualStudioVersion = 10.0.40219.1
Project("{2150E333-8FDC-42A3-9474-1A3956D46DE8}") = "Architecture", "Architecture", "{658B62F7-5603-4640-AE85-74FE29AC52FA}"
EndProject
Project("{2150E333-8FDC-42A3-9474-1A3956D46DE8}") = "ExternalLibraries", "ExternalLibraries", "{344A33FA-1A63-47DF-9D55-B9865B86B595}"
EndProject
Project("{2150E333-8FDC-42A3-9474-1A3956D46DE8}") = "Presentation", "Presentation", "{A9982D3A-948C-49D1-9481-5CD070BD244B}"
EndProject
Project("{FAE04EC0-301F-11D3-BF4B-00C04F79EFBC}") = "Seguros.WebAPI", "Seguros.WebAPI\Seguros.WebAPI.csproj", "{2AE1E57A-5CB4-4156-9E1A-DE79AFD8CA17}"
EndProject
Project("{FAE04EC0-301F-11D3-BF4B-00C04F79EFBC}") = "Seguros.WebSite", "Seguros.WebSite\Seguros.WebSite.csproj", "{1E4295E6-223D-4DAC-8E99-CA2D1ED47052}"
EndProject
Project("{FAE04EC0-301F-11D3-BF4B-00C04F79EFBC}") = "Seguros.Data", "Seguros.Data\Seguros.Data.csproj", "{7A2C5566-56C1-4638-BC7B-56EB792481DE}"
EndProject
Project("{FAE04EC0-301F-11D3-BF4B-00C04F79EFBC}") = "Seguros.Business", "Seguros.Business\Seguros.Business.csproj", "{4827C6ED-33C6-45B3-9A23-8D9E5EFDA2FA}"
EndProject
Project("{FAE04EC0-301F-11D3-BF4B-00C04F79EFBC}") = "Seguros.Common", "Seguros.Common\Seguros.Common.csproj", "{3E9C6EB0-46AF-4705-B34A-88C96BC02FA1}"
EndProject
Project("{FAE04EC0-301F-11D3-BF4B-00C04F79EFBC}") = "Seguros.Settings", "Seguros.Settings\Seguros.Settings.csproj", "{E05766B4-222E-400E-B3FB-612B5D156B2F}"
EndProject
Project("{00D1A9C2-B5F0-4AF3-8072-F6C62B433612}") = "Database", "Database\Database.sqlproj", "{DB895693-0F3D-4CE0-8585-633F29B28DB9}"
EndProject
Global
	GlobalSection(SolutionConfigurationPlatforms) = preSolution
		Debug|Any CPU = Debug|Any CPU
		Release|Any CPU = Release|Any CPU
	EndGlobalSection
	GlobalSection(ProjectConfigurationPlatforms) = postSolution
		{2AE1E57A-5CB4-4156-9E1A-DE79AFD8CA17}.Debug|Any CPU.ActiveCfg = Debug|Any CPU
		{2AE1E57A-5CB4-4156-9E1A-DE79AFD8CA17}.Debug|Any CPU.Build.0 = Debug|Any CPU
		{2AE1E57A-5CB4-4156-9E1A-DE79AFD8CA17}.Release|Any CPU.ActiveCfg = Release|Any CPU
		{2AE1E57A-5CB4-4156-9E1A-DE79AFD8CA17}.Release|Any CPU.Build.0 = Release|Any CPU
		{1E4295E6-223D-4DAC-8E99-CA2D1ED47052}.Debug|Any CPU.ActiveCfg = Debug|Any CPU
		{1E4295E6-223D-4DAC-8E99-CA2D1ED47052}.Debug|Any CPU.Build.0 = Debug|Any CPU
		{1E4295E6-223D-4DAC-8E99-CA2D1ED47052}.Release|Any CPU.ActiveCfg = Release|Any CPU
		{1E4295E6-223D-4DAC-8E99-CA2D1ED47052}.Release|Any CPU.Build.0 = Release|Any CPU
		{7A2C5566-56C1-4638-BC7B-56EB792481DE}.Debug|Any CPU.ActiveCfg = Debug|Any CPU
		{7A2C5566-56C1-4638-BC7B-56EB792481DE}.Debug|Any CPU.Build.0 = Debug|Any CPU
		{7A2C5566-56C1-4638-BC7B-56EB792481DE}.Release|Any CPU.ActiveCfg = Release|Any CPU
		{7A2C5566-56C1-4638-BC7B-56EB792481DE}.Release|Any CPU.Build.0 = Release|Any CPU
		{4827C6ED-33C6-45B3-9A23-8D9E5EFDA2FA}.Debug|Any CPU.ActiveCfg = Debug|Any CPU
		{4827C6ED-33C6-45B3-9A23-8D9E5EFDA2FA}.Debug|Any CPU.Build.0 = Debug|Any CPU
		{4827C6ED-33C6-45B3-9A23-8D9E5EFDA2FA}.Release|Any CPU.ActiveCfg = Release|Any CPU
		{4827C6ED-33C6-45B3-9A23-8D9E5EFDA2FA}.Release|Any CPU.Build.0 = Release|Any CPU
		{3E9C6EB0-46AF-4705-B34A-88C96BC02FA1}.Debug|Any CPU.ActiveCfg = Debug|Any CPU
		{3E9C6EB0-46AF-4705-B34A-88C96BC02FA1}.Debug|Any CPU.Build.0 = Debug|Any CPU
		{3E9C6EB0-46AF-4705-B34A-88C96BC02FA1}.Release|Any CPU.ActiveCfg = Release|Any CPU
		{3E9C6EB0-46AF-4705-B34A-88C96BC02FA1}.Release|Any CPU.Build.0 = Release|Any CPU
		{E05766B4-222E-400E-B3FB-612B5D156B2F}.Debug|Any CPU.ActiveCfg = Debug|Any CPU
		{E05766B4-222E-400E-B3FB-612B5D156B2F}.Debug|Any CPU.Build.0 = Debug|Any CPU
		{E05766B4-222E-400E-B3FB-612B5D156B2F}.Release|Any CPU.ActiveCfg = Release|Any CPU
		{E05766B4-222E-400E-B3FB-612B5D156B2F}.Release|Any CPU.Build.0 = Release|Any CPU
		{DB895693-0F3D-4CE0-8585-633F29B28DB9}.Debug|Any CPU.ActiveCfg = Debug|Any CPU
		{DB895693-0F3D-4CE0-8585-633F29B28DB9}.Debug|Any CPU.Build.0 = Debug|Any CPU
		{DB895693-0F3D-4CE0-8585-633F29B28DB9}.Debug|Any CPU.Deploy.0 = Debug|Any CPU
		{DB895693-0F3D-4CE0-8585-633F29B28DB9}.Release|Any CPU.ActiveCfg = Release|Any CPU
		{DB895693-0F3D-4CE0-8585-633F29B28DB9}.Release|Any CPU.Build.0 = Release|Any CPU
		{DB895693-0F3D-4CE0-8585-633F29B28DB9}.Release|Any CPU.Deploy.0 = Release|Any CPU
	EndGlobalSection
	GlobalSection(SolutionProperties) = preSolution
		HideSolutionNode = FALSE
	EndGlobalSection
	GlobalSection(NestedProjects) = preSolution
		{A9982D3A-948C-49D1-9481-5CD070BD244B} = {658B62F7-5603-4640-AE85-74FE29AC52FA}
		{2AE1E57A-5CB4-4156-9E1A-DE79AFD8CA17} = {A9982D3A-948C-49D1-9481-5CD070BD244B}
		{1E4295E6-223D-4DAC-8E99-CA2D1ED47052} = {A9982D3A-948C-49D1-9481-5CD070BD244B}
		{7A2C5566-56C1-4638-BC7B-56EB792481DE} = {658B62F7-5603-4640-AE85-74FE29AC52FA}
		{4827C6ED-33C6-45B3-9A23-8D9E5EFDA2FA} = {658B62F7-5603-4640-AE85-74FE29AC52FA}
		{3E9C6EB0-46AF-4705-B34A-88C96BC02FA1} = {658B62F7-5603-4640-AE85-74FE29AC52FA}
		{E05766B4-222E-400E-B3FB-612B5D156B2F} = {658B62F7-5603-4640-AE85-74FE29AC52FA}
		{DB895693-0F3D-4CE0-8585-633F29B28DB9} = {344A33FA-1A63-47DF-9D55-B9865B86B595}
	EndGlobalSection
	GlobalSection(ExtensibilityGlobals) = postSolution
		SolutionGuid = {25C5232C-11F6-42E5-92A8-A702B8F05701}
	EndGlobalSection
EndGlobal
